// !$*UTF8*$!
{
	archiveVersion = 1;
	classes = {
	};
	objectVersion = 77;
	objects = {

/* Begin PBXBuildFile section */
		A0000001000000000000001 /* STASHApp.swift in Sources */ = {isa = PBXBuildFile; fileRef = A0000001000000000000002 /* STASHApp.swift */; };
		A0000001000000000000003 /* Assets.xcassets in Resources */ = {isa = PBXBuildFile; fileRef = A0000001000000000000004 /* Assets.xcassets */; };
		A0000001000000000000005 /* STASH.xcdatamodeld in Sources */ = {isa = PBXBuildFile; fileRef = A0000001000000000000006 /* STASH.xcdatamodeld */; };
		A0000001000000000000011 /* ContentView.swift in Sources */ = {isa = PBXBuildFile; fileRef = A0000001000000000000012 /* ContentView.swift */; };
		A0000001000000000000021 /* Thought.swift in Sources */ = {isa = PBXBuildFile; fileRef = A0000001000000000000022 /* Thought.swift */; };
		A0000001000000000000023 /* Classification.swift in Sources */ = {isa = PBXBuildFile; fileRef = A0000001000000000000024 /* Classification.swift */; };
		A0000001000000000000025 /* Context.swift in Sources */ = {isa = PBXBuildFile; fileRef = A0000001000000000000026 /* Context.swift */; };
		A00000010000000000000254 /* InsightsScreen.swift in Sources */ = {isa = PBXBuildFile; fileRef = A00000010000000000000253 /* InsightsScreen.swift */; };
		A00000010000000000000256 /* InsightsViewModel.swift in Sources */ = {isa = PBXBuildFile; fileRef = A00000010000000000000255 /* InsightsViewModel.swift */; };
		A0000001000000000000027 /* Task.swift in Sources */ = {isa = PBXBuildFile; fileRef = A0000001000000000000028 /* Task.swift */; };
		A0000001000000000000029 /* FineTuningData.swift in Sources */ = {isa = PBXBuildFile; fileRef = A0000001000000000000030 /* FineTuningData.swift */; };
		A0000001000000000000031 /* SyncQueue.swift in Sources */ = {isa = PBXBuildFile; fileRef = A0000001000000000000032 /* SyncQueue.swift */; };
		A0000001000000000000033 /* Enums.swift in Sources */ = {isa = PBXBuildFile; fileRef = A0000001000000000000034 /* Enums.swift */; };
		A0000001000000000000035 /* ModelError.swift in Sources */ = {isa = PBXBuildFile; fileRef = A0000001000000000000036 /* ModelError.swift */; };
		A0000001000000000000038 /* Subscription.swift in Sources */ = {isa = PBXBuildFile; fileRef = A0000001000000000000037 /* Subscription.swift */; };
		A0000001000000000000039 /* Conversation.swift in Sources */ = {isa = PBXBuildFile; fileRef = A0000001000000000000040 /* Conversation.swift */; };
		A0000001000000000000041 /* Thought+CoreData.swift in Sources */ = {isa = PBXBuildFile; fileRef = A0000001000000000000042 /* Thought+CoreData.swift */; };
		A0000001000000000000043 /* Classification+CoreData.swift in Sources */ = {isa = PBXBuildFile; fileRef = A0000001000000000000044 /* Classification+CoreData.swift */; };
		A0000001000000000000045 /* Task+CoreData.swift in Sources */ = {isa = PBXBuildFile; fileRef = A0000001000000000000046 /* Task+CoreData.swift */; };
		A0000001000000000000047 /* FineTuningData+CoreData.swift in Sources */ = {isa = PBXBuildFile; fileRef = A0000001000000000000048 /* FineTuningData+CoreData.swift */; };
		A0000001000000000000049 /* SyncQueue+CoreData.swift in Sources */ = {isa = PBXBuildFile; fileRef = A0000001000000000000050 /* SyncQueue+CoreData.swift */; };
		A0000001000000000000061 /* PersistenceController.swift in Sources */ = {isa = PBXBuildFile; fileRef = A0000001000000000000062 /* PersistenceController.swift */; };
		A0000001000000000000071 /* ThoughtEntity.swift in Sources */ = {isa = PBXBuildFile; fileRef = A0000001000000000000072 /* ThoughtEntity.swift */; };
		A0000001000000000000073 /* ClassificationEntity.swift in Sources */ = {isa = PBXBuildFile; fileRef = A0000001000000000000074 /* ClassificationEntity.swift */; };
		A0000001000000000000075 /* TaskEntity.swift in Sources */ = {isa = PBXBuildFile; fileRef = A0000001000000000000076 /* TaskEntity.swift */; };
		A0000001000000000000077 /* FineTuningDataEntity.swift in Sources */ = {isa = PBXBuildFile; fileRef = A0000001000000000000078 /* FineTuningDataEntity.swift */; };
		A0000001000000000000079 /* SyncQueueEntity.swift in Sources */ = {isa = PBXBuildFile; fileRef = A0000001000000000000080 /* SyncQueueEntity.swift */; };
		A0000001000000000000091 /* ThoughtRepository.swift in Sources */ = {isa = PBXBuildFile; fileRef = A0000001000000000000092 /* ThoughtRepository.swift */; };
		A0000001000000000000093 /* TaskRepository.swift in Sources */ = {isa = PBXBuildFile; fileRef = A0000001000000000000094 /* TaskRepository.swift */; };
		A0000001000000000000095 /* FineTuningRepository.swift in Sources */ = {isa = PBXBuildFile; fileRef = A0000001000000000000096 /* FineTuningRepository.swift */; };
		A0000001000000000000097 /* SyncRepository.swift in Sources */ = {isa = PBXBuildFile; fileRef = A0000001000000000000098 /* SyncRepository.swift */; };
		A0000001000000000000111 /* ServiceProtocols.swift in Sources */ = {isa = PBXBuildFile; fileRef = A0000001000000000000112 /* ServiceProtocols.swift */; };
		A0000001000000000000113 /* ServiceError.swift in Sources */ = {isa = PBXBuildFile; fileRef = A0000001000000000000114 /* ServiceError.swift */; };
		A0000001000000000000115 /* ServiceConfiguration.swift in Sources */ = {isa = PBXBuildFile; fileRef = A0000001000000000000116 /* ServiceConfiguration.swift */; };
		A0000001000000000000117 /* ServiceContainer.swift in Sources */ = {isa = PBXBuildFile; fileRef = A0000001000000000000118 /* ServiceContainer.swift */; };
		A0000001000000000000119 /* PermissionCoordinator.swift in Sources */ = {isa = PBXBuildFile; fileRef = A0000001000000000000120 /* PermissionCoordinator.swift */; };
		A0000001000000000000123 /* SubscriptionManager.swift in Sources */ = {isa = PBXBuildFile; fileRef = A0000001000000000000122 /* SubscriptionManager.swift */; };
		A0000001000000000000131 /* LocationService.swift in Sources */ = {isa = PBXBuildFile; fileRef = A0000001000000000000132 /* LocationService.swift */; };
		A0000001000000000000133 /* HealthKitService.swift in Sources */ = {isa = PBXBuildFile; fileRef = A0000001000000000000134 /* HealthKitService.swift */; };
		A0000001000000000000135 /* MotionService.swift in Sources */ = {isa = PBXBuildFile; fileRef = A0000001000000000000136 /* MotionService.swift */; };
		A0000001000000000000137 /* EventKitService.swift in Sources */ = {isa = PBXBuildFile; fileRef = A0000001000000000000138 /* EventKitService.swift */; };
		A0000001000000000000139 /* ContactsService.swift in Sources */ = {isa = PBXBuildFile; fileRef = A0000001000000000000140 /* ContactsService.swift */; };
		A0000001000000000000143 /* NetworkMonitor.swift in Sources */ = {isa = PBXBuildFile; fileRef = A0000001000000000000144 /* NetworkMonitor.swift */; };
		A0000001000000000000151 /* NLPService.swift in Sources */ = {isa = PBXBuildFile; fileRef = A0000001000000000000152 /* NLPService.swift */; };
		A0000001000000000000153 /* ClassificationService.swift in Sources */ = {isa = PBXBuildFile; fileRef = A0000001000000000000154 /* ClassificationService.swift */; };
		A0000001000000000000161 /* ThoughtService.swift in Sources */ = {isa = PBXBuildFile; fileRef = A0000001000000000000162 /* ThoughtService.swift */; };
		A0000001000000000000163 /* TaskService.swift in Sources */ = {isa = PBXBuildFile; fileRef = A0000001000000000000164 /* TaskService.swift */; };
		A0000001000000000000171 /* ContextService.swift in Sources */ = {isa = PBXBuildFile; fileRef = A0000001000000000000172 /* ContextService.swift */; };
		A0000001000000000000173 /* SyncService.swift in Sources */ = {isa = PBXBuildFile; fileRef = A0000001000000000000174 /* SyncService.swift */; };
		A0000001000000000000175 /* FineTuningService.swift in Sources */ = {isa = PBXBuildFile; fileRef = A0000001000000000000176 /* FineTuningService.swift */; };
		A0000001000000000000201 /* BrowseScreen.swift in Sources */ = {isa = PBXBuildFile; fileRef = A0000001000000000000202 /* BrowseScreen.swift */; };
		A0000001000000000000203 /* CaptureScreen.swift in Sources */ = {isa = PBXBuildFile; fileRef = A0000001000000000000204 /* CaptureScreen.swift */; };
		A0000001000000000000205 /* DetailScreen.swift in Sources */ = {isa = PBXBuildFile; fileRef = A0000001000000000000206 /* DetailScreen.swift */; };
		A0000001000000000000207 /* SearchScreen.swift in Sources */ = {isa = PBXBuildFile; fileRef = A0000001000000000000208 /* SearchScreen.swift */; };
		A0000001000000000000209 /* SettingsScreen.swift in Sources */ = {isa = PBXBuildFile; fileRef = A0000001000000000000210 /* SettingsScreen.swift */; };
		A0000001000000000000212 /* PaywallScreen.swift in Sources */ = {isa = PBXBuildFile; fileRef = A0000001000000000000211 /* PaywallScreen.swift */; };
		A0000001000000000000221 /* ThoughtRowView.swift in Sources */ = {isa = PBXBuildFile; fileRef = A0000001000000000000222 /* ThoughtRowView.swift */; };
		A0000001000000000000223 /* ClassificationBadge.swift in Sources */ = {isa = PBXBuildFile; fileRef = A0000001000000000000224 /* ClassificationBadge.swift */; };
		A0000001000000000000225 /* ContextDisplayView.swift in Sources */ = {isa = PBXBuildFile; fileRef = A0000001000000000000226 /* ContextDisplayView.swift */; };
		A0000001000000000000227 /* TagInputView.swift in Sources */ = {isa = PBXBuildFile; fileRef = A0000001000000000000228 /* TagInputView.swift */; };
		A0000001000000000000229 /* FlowLayout.swift in Sources */ = {isa = PBXBuildFile; fileRef = A0000001000000000000230 /* FlowLayout.swift */; };
		A0000001000000000000231 /* ErrorView.swift in Sources */ = {isa = PBXBuildFile; fileRef = A0000001000000000000232 /* ErrorView.swift */; };
		A0000001000000000000241 /* BrowseViewModel.swift in Sources */ = {isa = PBXBuildFile; fileRef = A0000001000000000000242 /* BrowseViewModel.swift */; };
		A0000001000000000000243 /* CaptureViewModel.swift in Sources */ = {isa = PBXBuildFile; fileRef = A0000001000000000000244 /* CaptureViewModel.swift */; };
		A0000001000000000000245 /* DetailViewModel.swift in Sources */ = {isa = PBXBuildFile; fileRef = A0000001000000000000246 /* DetailViewModel.swift */; };
		A0000001000000000000247 /* SearchViewModel.swift in Sources */ = {isa = PBXBuildFile; fileRef = A0000001000000000000248 /* SearchViewModel.swift */; };
		A0000001000000000000249 /* SettingsViewModel.swift in Sources */ = {isa = PBXBuildFile; fileRef = A0000001000000000000250 /* SettingsViewModel.swift */; };
		A0000001000000000000251 /* AppError.swift in Sources */ = {isa = PBXBuildFile; fileRef = A0000001000000000000252 /* AppError.swift */; };
		A1803D482F25BDFD0071D950 /* DateTimeParsingService.swift in Sources */ = {isa = PBXBuildFile; fileRef = A1803D472F25BDFD0071D950 /* DateTimeParsingService.swift */; };
		A1803D492F25BDFD0071D951 /* DateTimeParsingService_FoundationModels.swift in Sources */ = {isa = PBXBuildFile; fileRef = A1803D4A2F25BDFD0071D952 /* DateTimeParsingService_FoundationModels.swift */; };
		A1803D4B2F25BDFD0071D953 /* ClassificationService_FoundationModels.swift in Sources */ = {isa = PBXBuildFile; fileRef = A1803D4C2F25BDFD0071D954 /* ClassificationService_FoundationModels.swift */; };
		A1803DF02F2FF8750071D950 /* SmartInsightsService.swift in Sources */ = {isa = PBXBuildFile; fileRef = A1803DEF2F2FF8750071D950 /* SmartInsightsService.swift */; };
		A1803DF12F2FF8750071D950 /* SemanticSearchService.swift in Sources */ = {isa = PBXBuildFile; fileRef = A1803DEE2F2FF8750071D950 /* SemanticSearchService.swift */; };
		A1803DF32F3047FF0071D950 /* PrivacyInfo.xcprivacy in Resources */ = {isa = PBXBuildFile; fileRef = A1803DF22F3047FF0071D950 /* PrivacyInfo.xcprivacy */; };
		A1803E282F327EC60071D950 /* AIInsightsView.swift in Sources */ = {isa = PBXBuildFile; fileRef = A1803E272F327EC60071D950 /* AIInsightsView.swift */; };
		A1A6326A2F33A8B900DA552B /* ConversationScreen.swift in Sources */ = {isa = PBXBuildFile; fileRef = A1A632692F33A8B900DA552B /* ConversationScreen.swift */; };
		A1A6326B2F33A8B900DA552B /* AppleIntelligenceRequiredView.swift in Sources */ = {isa = PBXBuildFile; fileRef = A1A632682F33A8B900DA552B /* AppleIntelligenceRequiredView.swift */; };
		A1A6326D2F33A8CF00DA552B /* ConversationViewModel.swift in Sources */ = {isa = PBXBuildFile; fileRef = A1A6326C2F33A8CF00DA552B /* ConversationViewModel.swift */; };
		A1A632722F33BFAC00DA552B /* ThoughtConversation.swift in Sources */ = {isa = PBXBuildFile; fileRef = A1A632712F33BFAC00DA552B /* ThoughtConversation.swift */; };
		A1A632732F33BFAC00DA552B /* SquirrelPersona.swift in Sources */ = {isa = PBXBuildFile; fileRef = A1A632702F33BFAC00DA552B /* SquirrelPersona.swift */; };
		A1A632752F33BFD500DA552B /* ThoughtConversationViewModel.swift in Sources */ = {isa = PBXBuildFile; fileRef = A1A632742F33BFD500DA552B /* ThoughtConversationViewModel.swift */; };
		A1A632782F33BFE700DA552B /* PersonalizationScreen.swift in Sources */ = {isa = PBXBuildFile; fileRef = A1A632762F33BFE700DA552B /* PersonalizationScreen.swift */; };
		A1A632792F33BFE700DA552B /* ThoughtConversationScreen.swift in Sources */ = {isa = PBXBuildFile; fileRef = A1A632772F33BFE700DA552B /* ThoughtConversationScreen.swift */; };
		A1B632832F3510000071D950 /* ThoughtContentView.swift in Sources */ = {isa = PBXBuildFile; fileRef = A1B632862F3510000071D953 /* ThoughtContentView.swift */; };
		A1B632842F3510000071D951 /* FormattingToolbar.swift in Sources */ = {isa = PBXBuildFile; fileRef = A1B632872F3510000071D954 /* FormattingToolbar.swift */; };
		A1B632852F3510000071D952 /* LiquidGlassModifiers.swift in Sources */ = {isa = PBXBuildFile; fileRef = A1B632882F3510000071D955 /* LiquidGlassModifiers.swift */; };
		A1B77D062F3E3CBD00F8D6B4 /* VoiceCaptureScreen.swift in Sources */ = {isa = PBXBuildFile; fileRef = A1B77D052F3E3CBD00F8D6B4 /* VoiceCaptureScreen.swift */; };
		A1B77D082F3E3CD600F8D6B4 /* VoiceCaptureViewModel.swift in Sources */ = {isa = PBXBuildFile; fileRef = A1B77D072F3E3CD600F8D6B4 /* VoiceCaptureViewModel.swift */; };
		A1B77D0B2F3E3CEA00F8D6B4 /* MedicationService.swift in Sources */ = {isa = PBXBuildFile; fileRef = A1B77D092F3E3CEA00F8D6B4 /* MedicationService.swift */; };
		A1B77D0C2F3E3CEA00F8D6B4 /* SpeechRecognitionService.swift in Sources */ = {isa = PBXBuildFile; fileRef = A1B77D0A2F3E3CEA00F8D6B4 /* SpeechRecognitionService.swift */; };
		ABAF86190408267B09159634 /* InsightsAnalyzer.swift in Sources */ = {isa = PBXBuildFile; fileRef = A7EFEB1FB682981ADA7E6A39 /* InsightsAnalyzer.swift */; };
/* End PBXBuildFile section */

/* Begin PBXFileReference section */
		A0000001000000000000002 /* STASHApp.swift */ = {isa = PBXFileReference; lastKnownFileType = sourcecode.swift; path = STASHApp.swift; sourceTree = "<group>"; };
		A0000001000000000000004 /* Assets.xcassets */ = {isa = PBXFileReference; lastKnownFileType = folder.assetcatalog; path = Assets.xcassets; sourceTree = "<group>"; };
		A0000001000000000000007 /* PersonalAI.xcdatamodel */ = {isa = PBXFileReference; lastKnownFileType = wrapper.xcdatamodel; path = PersonalAI.xcdatamodel; sourceTree = "<group>"; };
		A0000001000000000000012 /* ContentView.swift */ = {isa = PBXFileReference; lastKnownFileType = sourcecode.swift; path = ContentView.swift; sourceTree = "<group>"; };
		A0000001000000000000022 /* Thought.swift */ = {isa = PBXFileReference; lastKnownFileType = sourcecode.swift; path = Thought.swift; sourceTree = "<group>"; };
		A0000001000000000000024 /* Classification.swift */ = {isa = PBXFileReference; lastKnownFileType = sourcecode.swift; path = Classification.swift; sourceTree = "<group>"; };
		A00000010000000000000253 /* InsightsScreen.swift */ = {isa = PBXFileReference; lastKnownFileType = sourcecode.swift; path = InsightsScreen.swift; sourceTree = "<group>"; };
		A00000010000000000000255 /* InsightsViewModel.swift */ = {isa = PBXFileReference; lastKnownFileType = sourcecode.swift; path = InsightsViewModel.swift; sourceTree = "<group>"; };
		A0000001000000000000026 /* Context.swift */ = {isa = PBXFileReference; lastKnownFileType = sourcecode.swift; path = Context.swift; sourceTree = "<group>"; };
		A0000001000000000000028 /* Task.swift */ = {isa = PBXFileReference; lastKnownFileType = sourcecode.swift; path = Task.swift; sourceTree = "<group>"; };
		A0000001000000000000030 /* FineTuningData.swift */ = {isa = PBXFileReference; lastKnownFileType = sourcecode.swift; path = FineTuningData.swift; sourceTree = "<group>"; };
		A0000001000000000000032 /* SyncQueue.swift */ = {isa = PBXFileReference; lastKnownFileType = sourcecode.swift; path = SyncQueue.swift; sourceTree = "<group>"; };
		A0000001000000000000034 /* Enums.swift */ = {isa = PBXFileReference; lastKnownFileType = sourcecode.swift; path = Enums.swift; sourceTree = "<group>"; };
		A0000001000000000000036 /* ModelError.swift */ = {isa = PBXFileReference; lastKnownFileType = sourcecode.swift; path = ModelError.swift; sourceTree = "<group>"; };
		A0000001000000000000037 /* Subscription.swift */ = {isa = PBXFileReference; lastKnownFileType = sourcecode.swift; path = Subscription.swift; sourceTree = "<group>"; };
		A0000001000000000000040 /* Conversation.swift */ = {isa = PBXFileReference; lastKnownFileType = sourcecode.swift; path = Conversation.swift; sourceTree = "<group>"; };
		A0000001000000000000042 /* Thought+CoreData.swift */ = {isa = PBXFileReference; lastKnownFileType = sourcecode.swift; path = "Thought+CoreData.swift"; sourceTree = "<group>"; };
		A0000001000000000000044 /* Classification+CoreData.swift */ = {isa = PBXFileReference; lastKnownFileType = sourcecode.swift; path = "Classification+CoreData.swift"; sourceTree = "<group>"; };
		A0000001000000000000046 /* Task+CoreData.swift */ = {isa = PBXFileReference; lastKnownFileType = sourcecode.swift; path = "Task+CoreData.swift"; sourceTree = "<group>"; };
		A0000001000000000000048 /* FineTuningData+CoreData.swift */ = {isa = PBXFileReference; lastKnownFileType = sourcecode.swift; path = "FineTuningData+CoreData.swift"; sourceTree = "<group>"; };
		A0000001000000000000050 /* SyncQueue+CoreData.swift */ = {isa = PBXFileReference; lastKnownFileType = sourcecode.swift; path = "SyncQueue+CoreData.swift"; sourceTree = "<group>"; };
		A0000001000000000000062 /* PersistenceController.swift */ = {isa = PBXFileReference; lastKnownFileType = sourcecode.swift; path = PersistenceController.swift; sourceTree = "<group>"; };
		A0000001000000000000072 /* ThoughtEntity.swift */ = {isa = PBXFileReference; lastKnownFileType = sourcecode.swift; path = ThoughtEntity.swift; sourceTree = "<group>"; };
		A0000001000000000000074 /* ClassificationEntity.swift */ = {isa = PBXFileReference; lastKnownFileType = sourcecode.swift; path = ClassificationEntity.swift; sourceTree = "<group>"; };
		A0000001000000000000076 /* TaskEntity.swift */ = {isa = PBXFileReference; lastKnownFileType = sourcecode.swift; path = TaskEntity.swift; sourceTree = "<group>"; };
		A0000001000000000000078 /* FineTuningDataEntity.swift */ = {isa = PBXFileReference; lastKnownFileType = sourcecode.swift; path = FineTuningDataEntity.swift; sourceTree = "<group>"; };
		A0000001000000000000080 /* SyncQueueEntity.swift */ = {isa = PBXFileReference; lastKnownFileType = sourcecode.swift; path = SyncQueueEntity.swift; sourceTree = "<group>"; };
		A0000001000000000000092 /* ThoughtRepository.swift */ = {isa = PBXFileReference; lastKnownFileType = sourcecode.swift; path = ThoughtRepository.swift; sourceTree = "<group>"; };
		A0000001000000000000094 /* TaskRepository.swift */ = {isa = PBXFileReference; lastKnownFileType = sourcecode.swift; path = TaskRepository.swift; sourceTree = "<group>"; };
		A0000001000000000000096 /* FineTuningRepository.swift */ = {isa = PBXFileReference; lastKnownFileType = sourcecode.swift; path = FineTuningRepository.swift; sourceTree = "<group>"; };
		A0000001000000000000098 /* SyncRepository.swift */ = {isa = PBXFileReference; lastKnownFileType = sourcecode.swift; path = SyncRepository.swift; sourceTree = "<group>"; };
		A0000001000000000000112 /* ServiceProtocols.swift */ = {isa = PBXFileReference; lastKnownFileType = sourcecode.swift; path = ServiceProtocols.swift; sourceTree = "<group>"; };
		A0000001000000000000114 /* ServiceError.swift */ = {isa = PBXFileReference; lastKnownFileType = sourcecode.swift; path = ServiceError.swift; sourceTree = "<group>"; };
		A0000001000000000000116 /* ServiceConfiguration.swift */ = {isa = PBXFileReference; lastKnownFileType = sourcecode.swift; path = ServiceConfiguration.swift; sourceTree = "<group>"; };
		A0000001000000000000118 /* ServiceContainer.swift */ = {isa = PBXFileReference; lastKnownFileType = sourcecode.swift; path = ServiceContainer.swift; sourceTree = "<group>"; };
		A0000001000000000000120 /* PermissionCoordinator.swift */ = {isa = PBXFileReference; lastKnownFileType = sourcecode.swift; path = PermissionCoordinator.swift; sourceTree = "<group>"; };
		A0000001000000000000122 /* SubscriptionManager.swift */ = {isa = PBXFileReference; lastKnownFileType = sourcecode.swift; path = SubscriptionManager.swift; sourceTree = "<group>"; };
		A0000001000000000000132 /* LocationService.swift */ = {isa = PBXFileReference; lastKnownFileType = sourcecode.swift; path = LocationService.swift; sourceTree = "<group>"; };
		A0000001000000000000134 /* HealthKitService.swift */ = {isa = PBXFileReference; lastKnownFileType = sourcecode.swift; path = HealthKitService.swift; sourceTree = "<group>"; };
		A0000001000000000000136 /* MotionService.swift */ = {isa = PBXFileReference; lastKnownFileType = sourcecode.swift; path = MotionService.swift; sourceTree = "<group>"; };
		A0000001000000000000138 /* EventKitService.swift */ = {isa = PBXFileReference; lastKnownFileType = sourcecode.swift; path = EventKitService.swift; sourceTree = "<group>"; };
		A0000001000000000000140 /* ContactsService.swift */ = {isa = PBXFileReference; lastKnownFileType = sourcecode.swift; path = ContactsService.swift; sourceTree = "<group>"; };
		A0000001000000000000144 /* NetworkMonitor.swift */ = {isa = PBXFileReference; lastKnownFileType = sourcecode.swift; path = NetworkMonitor.swift; sourceTree = "<group>"; };
		A0000001000000000000152 /* NLPService.swift */ = {isa = PBXFileReference; lastKnownFileType = sourcecode.swift; path = NLPService.swift; sourceTree = "<group>"; };
		A0000001000000000000154 /* ClassificationService.swift */ = {isa = PBXFileReference; lastKnownFileType = sourcecode.swift; path = ClassificationService.swift; sourceTree = "<group>"; };
		A0000001000000000000162 /* ThoughtService.swift */ = {isa = PBXFileReference; lastKnownFileType = sourcecode.swift; path = ThoughtService.swift; sourceTree = "<group>"; };
		A0000001000000000000164 /* TaskService.swift */ = {isa = PBXFileReference; lastKnownFileType = sourcecode.swift; path = TaskService.swift; sourceTree = "<group>"; };
		A0000001000000000000172 /* ContextService.swift */ = {isa = PBXFileReference; lastKnownFileType = sourcecode.swift; path = ContextService.swift; sourceTree = "<group>"; };
		A0000001000000000000174 /* SyncService.swift */ = {isa = PBXFileReference; lastKnownFileType = sourcecode.swift; path = SyncService.swift; sourceTree = "<group>"; };
		A0000001000000000000176 /* FineTuningService.swift */ = {isa = PBXFileReference; lastKnownFileType = sourcecode.swift; path = FineTuningService.swift; sourceTree = "<group>"; };
		A0000001000000000000202 /* BrowseScreen.swift */ = {isa = PBXFileReference; lastKnownFileType = sourcecode.swift; path = BrowseScreen.swift; sourceTree = "<group>"; };
		A0000001000000000000204 /* CaptureScreen.swift */ = {isa = PBXFileReference; lastKnownFileType = sourcecode.swift; path = CaptureScreen.swift; sourceTree = "<group>"; };
		A0000001000000000000206 /* DetailScreen.swift */ = {isa = PBXFileReference; lastKnownFileType = sourcecode.swift; path = DetailScreen.swift; sourceTree = "<group>"; };
		A0000001000000000000208 /* SearchScreen.swift */ = {isa = PBXFileReference; lastKnownFileType = sourcecode.swift; path = SearchScreen.swift; sourceTree = "<group>"; };
		A0000001000000000000210 /* SettingsScreen.swift */ = {isa = PBXFileReference; lastKnownFileType = sourcecode.swift; path = SettingsScreen.swift; sourceTree = "<group>"; };
		A0000001000000000000211 /* PaywallScreen.swift */ = {isa = PBXFileReference; lastKnownFileType = sourcecode.swift; path = PaywallScreen.swift; sourceTree = "<group>"; };
		A0000001000000000000222 /* ThoughtRowView.swift */ = {isa = PBXFileReference; lastKnownFileType = sourcecode.swift; path = ThoughtRowView.swift; sourceTree = "<group>"; };
		A0000001000000000000224 /* ClassificationBadge.swift */ = {isa = PBXFileReference; lastKnownFileType = sourcecode.swift; path = ClassificationBadge.swift; sourceTree = "<group>"; };
		A0000001000000000000226 /* ContextDisplayView.swift */ = {isa = PBXFileReference; lastKnownFileType = sourcecode.swift; path = ContextDisplayView.swift; sourceTree = "<group>"; };
		A0000001000000000000228 /* TagInputView.swift */ = {isa = PBXFileReference; lastKnownFileType = sourcecode.swift; path = TagInputView.swift; sourceTree = "<group>"; };
		A0000001000000000000230 /* FlowLayout.swift */ = {isa = PBXFileReference; lastKnownFileType = sourcecode.swift; path = FlowLayout.swift; sourceTree = "<group>"; };
		A0000001000000000000232 /* ErrorView.swift */ = {isa = PBXFileReference; lastKnownFileType = sourcecode.swift; path = ErrorView.swift; sourceTree = "<group>"; };
		A0000001000000000000242 /* BrowseViewModel.swift */ = {isa = PBXFileReference; lastKnownFileType = sourcecode.swift; path = BrowseViewModel.swift; sourceTree = "<group>"; };
		A0000001000000000000244 /* CaptureViewModel.swift */ = {isa = PBXFileReference; lastKnownFileType = sourcecode.swift; path = CaptureViewModel.swift; sourceTree = "<group>"; };
		A0000001000000000000246 /* DetailViewModel.swift */ = {isa = PBXFileReference; lastKnownFileType = sourcecode.swift; path = DetailViewModel.swift; sourceTree = "<group>"; };
		A0000001000000000000248 /* SearchViewModel.swift */ = {isa = PBXFileReference; lastKnownFileType = sourcecode.swift; path = SearchViewModel.swift; sourceTree = "<group>"; };
		A0000001000000000000250 /* SettingsViewModel.swift */ = {isa = PBXFileReference; lastKnownFileType = sourcecode.swift; path = SettingsViewModel.swift; sourceTree = "<group>"; };
		A0000001000000000000252 /* AppError.swift */ = {isa = PBXFileReference; lastKnownFileType = sourcecode.swift; path = AppError.swift; sourceTree = "<group>"; };
		A1000000000000000000001 /* STASH.app */ = {isa = PBXFileReference; explicitFileType = wrapper.application; includeInIndex = 0; path = STASH.app; sourceTree = BUILT_PRODUCTS_DIR; };
		A11AA0202F36C5430088EB2E /* Info.plist */ = {isa = PBXFileReference; lastKnownFileType = text.plist; name = Info.plist; path = PersonalAI/Info.plist; sourceTree = "<group>"; };
		A1803D472F25BDFD0071D950 /* DateTimeParsingService.swift */ = {isa = PBXFileReference; lastKnownFileType = sourcecode.swift; path = DateTimeParsingService.swift; sourceTree = "<group>"; };
		A1803D4A2F25BDFD0071D952 /* DateTimeParsingService_FoundationModels.swift */ = {isa = PBXFileReference; lastKnownFileType = sourcecode.swift; path = DateTimeParsingService_FoundationModels.swift; sourceTree = "<group>"; };
		A1803D4C2F25BDFD0071D954 /* ClassificationService_FoundationModels.swift */ = {isa = PBXFileReference; lastKnownFileType = sourcecode.swift; path = ClassificationService_FoundationModels.swift; sourceTree = "<group>"; };
		A1803DEE2F2FF8750071D950 /* SemanticSearchService.swift */ = {isa = PBXFileReference; lastKnownFileType = sourcecode.swift; path = SemanticSearchService.swift; sourceTree = "<group>"; };
		A1803DEF2F2FF8750071D950 /* SmartInsightsService.swift */ = {isa = PBXFileReference; lastKnownFileType = sourcecode.swift; path = SmartInsightsService.swift; sourceTree = "<group>"; };
		A1803DF22F3047FF0071D950 /* PrivacyInfo.xcprivacy */ = {isa = PBXFileReference; lastKnownFileType = text.xml; path = PrivacyInfo.xcprivacy; sourceTree = "<group>"; };
		A1803E272F327EC60071D950 /* AIInsightsView.swift */ = {isa = PBXFileReference; lastKnownFileType = sourcecode.swift; path = AIInsightsView.swift; sourceTree = "<group>"; };
		A1A632682F33A8B900DA552B /* AppleIntelligenceRequiredView.swift */ = {isa = PBXFileReference; lastKnownFileType = sourcecode.swift; path = AppleIntelligenceRequiredView.swift; sourceTree = "<group>"; };
		A1A632692F33A8B900DA552B /* ConversationScreen.swift */ = {isa = PBXFileReference; lastKnownFileType = sourcecode.swift; path = ConversationScreen.swift; sourceTree = "<group>"; };
		A1A6326C2F33A8CF00DA552B /* ConversationViewModel.swift */ = {isa = PBXFileReference; lastKnownFileType = sourcecode.swift; path = ConversationViewModel.swift; sourceTree = "<group>"; };
		A1A632702F33BFAC00DA552B /* SquirrelPersona.swift */ = {isa = PBXFileReference; lastKnownFileType = sourcecode.swift; path = SquirrelPersona.swift; sourceTree = "<group>"; };
		A1A632712F33BFAC00DA552B /* ThoughtConversation.swift */ = {isa = PBXFileReference; lastKnownFileType = sourcecode.swift; path = ThoughtConversation.swift; sourceTree = "<group>"; };
		A1A632742F33BFD500DA552B /* ThoughtConversationViewModel.swift */ = {isa = PBXFileReference; lastKnownFileType = sourcecode.swift; path = ThoughtConversationViewModel.swift; sourceTree = "<group>"; };
		A1A632762F33BFE700DA552B /* PersonalizationScreen.swift */ = {isa = PBXFileReference; lastKnownFileType = sourcecode.swift; path = PersonalizationScreen.swift; sourceTree = "<group>"; };
		A1A632772F33BFE700DA552B /* ThoughtConversationScreen.swift */ = {isa = PBXFileReference; lastKnownFileType = sourcecode.swift; path = ThoughtConversationScreen.swift; sourceTree = "<group>"; };
		A1B632862F3510000071D953 /* ThoughtContentView.swift */ = {isa = PBXFileReference; lastKnownFileType = sourcecode.swift; path = ThoughtContentView.swift; sourceTree = "<group>"; };
		A1B632872F3510000071D954 /* FormattingToolbar.swift */ = {isa = PBXFileReference; lastKnownFileType = sourcecode.swift; path = FormattingToolbar.swift; sourceTree = "<group>"; };
		A1B632882F3510000071D955 /* LiquidGlassModifiers.swift */ = {isa = PBXFileReference; lastKnownFileType = sourcecode.swift; path = LiquidGlassModifiers.swift; sourceTree = "<group>"; };
		A1B77D052F3E3CBD00F8D6B4 /* VoiceCaptureScreen.swift */ = {isa = PBXFileReference; lastKnownFileType = sourcecode.swift; path = VoiceCaptureScreen.swift; sourceTree = "<group>"; };
		A1B77D072F3E3CD600F8D6B4 /* VoiceCaptureViewModel.swift */ = {isa = PBXFileReference; lastKnownFileType = sourcecode.swift; path = VoiceCaptureViewModel.swift; sourceTree = "<group>"; };
		A1B77D092F3E3CEA00F8D6B4 /* MedicationService.swift */ = {isa = PBXFileReference; lastKnownFileType = sourcecode.swift; path = MedicationService.swift; sourceTree = "<group>"; };
		A1B77D0A2F3E3CEA00F8D6B4 /* SpeechRecognitionService.swift */ = {isa = PBXFileReference; lastKnownFileType = sourcecode.swift; path = SpeechRecognitionService.swift; sourceTree = "<group>"; };
		A7EFEB1FB682981ADA7E6A39 /* InsightsAnalyzer.swift */ = {isa = PBXFileReference; lastKnownFileType = sourcecode.swift; path = InsightsAnalyzer.swift; sourceTree = "<group>"; };
/* End PBXFileReference section */

/* Begin PBXFileSystemSynchronizedRootGroup section */
		A1803D4E2F270E6C0071D950 /* Assets */ = {
			isa = PBXFileSystemSynchronizedRootGroup;
			path = Assets;
			sourceTree = "<group>";
		};
		A1803D832F27C6A00071D950 /* AppIntents */ = {
			isa = PBXFileSystemSynchronizedRootGroup;
			path = AppIntents;
			sourceTree = "<group>";
		};
		A1803E152F3145770071D950 /* AI */ = {
			isa = PBXFileSystemSynchronizedRootGroup;
			path = AI;
			sourceTree = "<group>";
		};
		A1803E182F3145810071D950 /* Analytics */ = {
			isa = PBXFileSystemSynchronizedRootGroup;
			path = Analytics;
			sourceTree = "<group>";
		};
		A1803E1F2F31459D0071D950 /* Charts */ = {
			isa = PBXFileSystemSynchronizedRootGroup;
			path = Charts;
			sourceTree = "<group>";
		};
		A1B632802F3500000071D950 /* Theme */ = {
			isa = PBXFileSystemSynchronizedRootGroup;
			path = Theme;
			sourceTree = "<group>";
		};
		A1B632812F3500000071D951 /* Messaging */ = {
			isa = PBXFileSystemSynchronizedRootGroup;
			path = Messaging;
			sourceTree = "<group>";
		};
		A1B632822F3500000071D952 /* Extensions */ = {
			isa = PBXFileSystemSynchronizedRootGroup;
			path = Extensions;
			sourceTree = "<group>";
		};
/* End PBXFileSystemSynchronizedRootGroup section */

/* Begin PBXFrameworksBuildPhase section */
		A0900000000000000000001 /* Frameworks */ = {
			isa = PBXFrameworksBuildPhase;
			buildActionMask = 2147483647;
			files = (
			);
			runOnlyForDeploymentPostprocessing = 0;
		};
/* End PBXFrameworksBuildPhase section */

/* Begin PBXGroup section */
		A0800000000000000000001 = {
			isa = PBXGroup;
			children = (
				A11AA0202F36C5430088EB2E /* Info.plist */,
				A0800000000000000000002 /* Sources */,
				A0800000000000000000003 /* Products */,
				A1803D4E2F270E6C0071D950 /* Assets */,
				A1803DF22F3047FF0071D950 /* PrivacyInfo.xcprivacy */,
			);
			sourceTree = "<group>";
		};
		A0800000000000000000002 /* Sources */ = {
			isa = PBXGroup;
			children = (
				A0000001000000000000002 /* STASHApp.swift */,
				A0800000000000000000010 /* Models */,
				A0800000000000000000020 /* Persistence */,
				A0800000000000000000030 /* Services */,
				A0800000000000000000040 /* UI */,
				A0800000000000000000050 /* Resources */,
				A1803D832F27C6A00071D950 /* AppIntents */,
			);
			path = Sources;
			sourceTree = "<group>";
		};
		A0800000000000000000003 /* Products */ = {
			isa = PBXGroup;
			children = (
				A1000000000000000000001 /* STASH.app */,
			);
			name = Products;
			sourceTree = "<group>";
		};
		A0800000000000000000010 /* Models */ = {
			isa = PBXGroup;
			children = (
				A1A632702F33BFAC00DA552B /* SquirrelPersona.swift */,
				A1A632712F33BFAC00DA552B /* ThoughtConversation.swift */,
				A0000001000000000000022 /* Thought.swift */,
				A0000001000000000000024 /* Classification.swift */,
				A0000001000000000000026 /* Context.swift */,
				A0000001000000000000028 /* Task.swift */,
				A0000001000000000000030 /* FineTuningData.swift */,
				A0000001000000000000032 /* SyncQueue.swift */,
				A0000001000000000000034 /* Enums.swift */,
				A0000001000000000000036 /* ModelError.swift */,
				A0000001000000000000037 /* Subscription.swift */,
				A0000001000000000000040 /* Conversation.swift */,
				A0800000000000000000011 /* Conversions */,
			);
			path = Models;
			sourceTree = "<group>";
		};
		A0800000000000000000011 /* Conversions */ = {
			isa = PBXGroup;
			children = (
				A0000001000000000000042 /* Thought+CoreData.swift */,
				A0000001000000000000044 /* Classification+CoreData.swift */,
				A0000001000000000000046 /* Task+CoreData.swift */,
				A0000001000000000000048 /* FineTuningData+CoreData.swift */,
				A0000001000000000000050 /* SyncQueue+CoreData.swift */,
			);
			path = Conversions;
			sourceTree = "<group>";
		};
		A0800000000000000000020 /* Persistence */ = {
			isa = PBXGroup;
			children = (
				A0800000000000000000021 /* CoreDataStack */,
				A0800000000000000000022 /* Entities */,
				A0800000000000000000023 /* Repositories */,
			);
			path = Persistence;
			sourceTree = "<group>";
		};
		A0800000000000000000021 /* CoreDataStack */ = {
			isa = PBXGroup;
			children = (
				A0000001000000000000062 /* PersistenceController.swift */,
				A0000001000000000000006 /* STASH.xcdatamodeld */,
			);
			path = CoreDataStack;
			sourceTree = "<group>";
		};
		A0800000000000000000022 /* Entities */ = {
			isa = PBXGroup;
			children = (
				A0000001000000000000072 /* ThoughtEntity.swift */,
				A0000001000000000000074 /* ClassificationEntity.swift */,
				A0000001000000000000076 /* TaskEntity.swift */,
				A0000001000000000000078 /* FineTuningDataEntity.swift */,
				A0000001000000000000080 /* SyncQueueEntity.swift */,
			);
			path = Entities;
			sourceTree = "<group>";
		};
		A0800000000000000000023 /* Repositories */ = {
			isa = PBXGroup;
			children = (
				A0000001000000000000092 /* ThoughtRepository.swift */,
				A0000001000000000000094 /* TaskRepository.swift */,
				A0000001000000000000096 /* FineTuningRepository.swift */,
				A0000001000000000000098 /* SyncRepository.swift */,
			);
			path = Repositories;
			sourceTree = "<group>";
		};
		A0800000000000000000030 /* Services */ = {
			isa = PBXGroup;
			children = (
				A0800000000000000000031 /* Core */,
				A0800000000000000000032 /* Framework */,
				A0800000000000000000033 /* Intelligence */,
				A0800000000000000000034 /* Domain */,
				A0800000000000000000035 /* Orchestration */,
				A0800000000000000000036 /* Monetization */,
				A1803E152F3145770071D950 /* AI */,
				A1803E182F3145810071D950 /* Analytics */,
			);
			path = Services;
			sourceTree = "<group>";
		};
		A0800000000000000000031 /* Core */ = {
			isa = PBXGroup;
			children = (
				A0000001000000000000112 /* ServiceProtocols.swift */,
				A0000001000000000000114 /* ServiceError.swift */,
				A0000001000000000000116 /* ServiceConfiguration.swift */,
				A0000001000000000000118 /* ServiceContainer.swift */,
				A0000001000000000000120 /* PermissionCoordinator.swift */,
			);
			path = Core;
			sourceTree = "<group>";
		};
		A0800000000000000000032 /* Framework */ = {
			isa = PBXGroup;
			children = (
				A1B77D092F3E3CEA00F8D6B4 /* MedicationService.swift */,
				A1B77D0A2F3E3CEA00F8D6B4 /* SpeechRecognitionService.swift */,
				A0000001000000000000132 /* LocationService.swift */,
				A0000001000000000000134 /* HealthKitService.swift */,
				A0000001000000000000136 /* MotionService.swift */,
				A0000001000000000000138 /* EventKitService.swift */,
				A0000001000000000000140 /* ContactsService.swift */,
				A0000001000000000000144 /* NetworkMonitor.swift */,
			);
			path = Framework;
			sourceTree = "<group>";
		};
		A0800000000000000000033 /* Intelligence */ = {
			isa = PBXGroup;
			children = (
				A0000001000000000000152 /* NLPService.swift */,
				A0000001000000000000154 /* ClassificationService.swift */,
				A7EFEB1FB682981ADA7E6A39 /* InsightsAnalyzer.swift */,
				A1803D472F25BDFD0071D950 /* DateTimeParsingService.swift */,
				A1803D4A2F25BDFD0071D952 /* DateTimeParsingService_FoundationModels.swift */,
				A1803D4C2F25BDFD0071D954 /* ClassificationService_FoundationModels.swift */,
				A1803DEE2F2FF8750071D950 /* SemanticSearchService.swift */,
				A1803DEF2F2FF8750071D950 /* SmartInsightsService.swift */,
			);
			path = Intelligence;
			sourceTree = "<group>";
		};
		A0800000000000000000034 /* Domain */ = {
			isa = PBXGroup;
			children = (
				A0000001000000000000162 /* ThoughtService.swift */,
				A0000001000000000000164 /* TaskService.swift */,
			);
			path = Domain;
			sourceTree = "<group>";
		};
		A0800000000000000000035 /* Orchestration */ = {
			isa = PBXGroup;
			children = (
				A0000001000000000000172 /* ContextService.swift */,
				A0000001000000000000174 /* SyncService.swift */,
				A0000001000000000000176 /* FineTuningService.swift */,
			);
			path = Orchestration;
			sourceTree = "<group>";
		};
		A0800000000000000000036 /* Monetization */ = {
			isa = PBXGroup;
			children = (
				A0000001000000000000122 /* SubscriptionManager.swift */,
			);
			path = Monetization;
			sourceTree = "<group>";
		};
		A0800000000000000000040 /* UI */ = {
			isa = PBXGroup;
			children = (
				A0000001000000000000012 /* ContentView.swift */,
				A0000001000000000000252 /* AppError.swift */,
				A0800000000000000000041 /* Screens */,
				A0800000000000000000042 /* Components */,
				A0800000000000000000043 /* ViewModels */,
				A1803E1F2F31459D0071D950 /* Charts */,
				A1B632802F3500000071D950 /* Theme */,
				A1B632812F3500000071D951 /* Messaging */,
				A1B632822F3500000071D952 /* Extensions */,
			);
			path = UI;
			sourceTree = "<group>";
		};
		A0800000000000000000041 /* Screens */ = {
			isa = PBXGroup;
			children = (
				A1B77D052F3E3CBD00F8D6B4 /* VoiceCaptureScreen.swift */,
				A1A632762F33BFE700DA552B /* PersonalizationScreen.swift */,
				A1A632772F33BFE700DA552B /* ThoughtConversationScreen.swift */,
				A1A632682F33A8B900DA552B /* AppleIntelligenceRequiredView.swift */,
				A1A632692F33A8B900DA552B /* ConversationScreen.swift */,
				A0000001000000000000202 /* BrowseScreen.swift */,
				A0000001000000000000204 /* CaptureScreen.swift */,
				A0000001000000000000206 /* DetailScreen.swift */,
				A0000001000000000000208 /* SearchScreen.swift */,
				A0000001000000000000210 /* SettingsScreen.swift */,
				A00000010000000000000253 /* InsightsScreen.swift */,
				A0000001000000000000211 /* PaywallScreen.swift */,
			);
			path = Screens;
			sourceTree = "<group>";
		};
		A0800000000000000000042 /* Components */ = {
			isa = PBXGroup;
			children = (
				A1803E272F327EC60071D950 /* AIInsightsView.swift */,
				A0000001000000000000222 /* ThoughtRowView.swift */,
				A1B632862F3510000071D953 /* ThoughtContentView.swift */,
				A0000001000000000000224 /* ClassificationBadge.swift */,
				A0000001000000000000226 /* ContextDisplayView.swift */,
				A0000001000000000000228 /* TagInputView.swift */,
				A0000001000000000000230 /* FlowLayout.swift */,
				A0000001000000000000232 /* ErrorView.swift */,
				A1B632872F3510000071D954 /* FormattingToolbar.swift */,
				A1B632882F3510000071D955 /* LiquidGlassModifiers.swift */,
			);
			path = Components;
			sourceTree = "<group>";
		};
		A0800000000000000000043 /* ViewModels */ = {
			isa = PBXGroup;
			children = (
				A1B77D072F3E3CD600F8D6B4 /* VoiceCaptureViewModel.swift */,
				A1A632742F33BFD500DA552B /* ThoughtConversationViewModel.swift */,
				A1A6326C2F33A8CF00DA552B /* ConversationViewModel.swift */,
				A0000001000000000000242 /* BrowseViewModel.swift */,
				A0000001000000000000244 /* CaptureViewModel.swift */,
				A0000001000000000000246 /* DetailViewModel.swift */,
				A0000001000000000000248 /* SearchViewModel.swift */,
				A0000001000000000000250 /* SettingsViewModel.swift */,
				A00000010000000000000255 /* InsightsViewModel.swift */,
			);
			path = ViewModels;
			sourceTree = "<group>";
		};
		A0800000000000000000050 /* Resources */ = {
			isa = PBXGroup;
			children = (
				A0000001000000000000004 /* Assets.xcassets */,
			);
			path = Resources;
			sourceTree = "<group>";
		};
/* End PBXGroup section */

/* Begin PBXNativeTarget section */
		A0700000000000000000001 /* STASH */ = {
			isa = PBXNativeTarget;
			buildConfigurationList = A0700000000000000000002 /* Build configuration list for PBXNativeTarget "STASH" */;
			buildPhases = (
				A0600000000000000000001 /* Sources */,
				A0900000000000000000001 /* Frameworks */,
				A0500000000000000000001 /* Resources */,
			);
			buildRules = (
			);
			dependencies = (
			);
			fileSystemSynchronizedGroups = (
				A1803D4E2F270E6C0071D950 /* Assets */,
				A1803D832F27C6A00071D950 /* AppIntents */,
				A1803E152F3145770071D950 /* AI */,
				A1803E182F3145810071D950 /* Analytics */,
				A1803E1F2F31459D0071D950 /* Charts */,
				A1B632802F3500000071D950 /* Theme */,
				A1B632812F3500000071D951 /* Messaging */,
				A1B632822F3500000071D952 /* Extensions */,
			);
			name = STASH;
			packageProductDependencies = (
			);
			productName = STASH;
			productReference = A1000000000000000000001 /* STASH.app */;
			productType = "com.apple.product-type.application";
		};
/* End PBXNativeTarget section */

/* Begin PBXProject section */
		A0800000000000000000000 /* Project object */ = {
			isa = PBXProject;
			attributes = {
				BuildIndependentTargetsInParallel = 1;
				LastSwiftUpdateCheck = 1600;
				LastUpgradeCheck = 2610;
				TargetAttributes = {
					A0700000000000000000001 = {
						CreatedOnToolsVersion = 16.0;
					};
				};
			};
			buildConfigurationList = A0300000000000000000001 /* Build configuration list for PBXProject "PersonalAI" */;
			developmentRegion = en;
			hasScannedForEncodings = 0;
			knownRegions = (
				en,
				Base,
			);
			mainGroup = A0800000000000000000001;
			minimizedProjectReferenceProxies = 1;
			preferredProjectObjectVersion = 77;
			productRefGroup = A0800000000000000000003 /* Products */;
			projectDirPath = "";
			projectRoot = "";
			targets = (
				A0700000000000000000001 /* STASH */,
			);
		};
/* End PBXProject section */

/* Begin PBXResourcesBuildPhase section */
		A0500000000000000000001 /* Resources */ = {
			isa = PBXResourcesBuildPhase;
			buildActionMask = 2147483647;
			files = (
				A1803DF32F3047FF0071D950 /* PrivacyInfo.xcprivacy in Resources */,
				A0000001000000000000003 /* Assets.xcassets in Resources */,
			);
			runOnlyForDeploymentPostprocessing = 0;
		};
/* End PBXResourcesBuildPhase section */

/* Begin PBXSourcesBuildPhase section */
		A0600000000000000000001 /* Sources */ = {
			isa = PBXSourcesBuildPhase;
			buildActionMask = 2147483647;
			files = (
				A0000001000000000000001 /* STASHApp.swift in Sources */,
				A0000001000000000000005 /* STASH.xcdatamodeld in Sources */,
				A0000001000000000000011 /* ContentView.swift in Sources */,
				A0000001000000000000021 /* Thought.swift in Sources */,
				A0000001000000000000023 /* Classification.swift in Sources */,
				A0000001000000000000025 /* Context.swift in Sources */,
				A0000001000000000000027 /* Task.swift in Sources */,
				A0000001000000000000029 /* FineTuningData.swift in Sources */,
				A0000001000000000000031 /* SyncQueue.swift in Sources */,
				A0000001000000000000033 /* Enums.swift in Sources */,
				A0000001000000000000035 /* ModelError.swift in Sources */,
				A0000001000000000000041 /* Thought+CoreData.swift in Sources */,
				A0000001000000000000043 /* Classification+CoreData.swift in Sources */,
				A0000001000000000000045 /* Task+CoreData.swift in Sources */,
				A0000001000000000000047 /* FineTuningData+CoreData.swift in Sources */,
				A0000001000000000000049 /* SyncQueue+CoreData.swift in Sources */,
				A0000001000000000000061 /* PersistenceController.swift in Sources */,
				A0000001000000000000071 /* ThoughtEntity.swift in Sources */,
				A0000001000000000000073 /* ClassificationEntity.swift in Sources */,
				A0000001000000000000075 /* TaskEntity.swift in Sources */,
				A0000001000000000000077 /* FineTuningDataEntity.swift in Sources */,
				A1A6326D2F33A8CF00DA552B /* ConversationViewModel.swift in Sources */,
				A0000001000000000000079 /* SyncQueueEntity.swift in Sources */,
				A0000001000000000000091 /* ThoughtRepository.swift in Sources */,
				A0000001000000000000093 /* TaskRepository.swift in Sources */,
				A1A632722F33BFAC00DA552B /* ThoughtConversation.swift in Sources */,
				A1A632732F33BFAC00DA552B /* SquirrelPersona.swift in Sources */,
				A0000001000000000000095 /* FineTuningRepository.swift in Sources */,
				A0000001000000000000097 /* SyncRepository.swift in Sources */,
				A0000001000000000000111 /* ServiceProtocols.swift in Sources */,
				A0000001000000000000113 /* ServiceError.swift in Sources */,
				A0000001000000000000115 /* ServiceConfiguration.swift in Sources */,
				A1A632752F33BFD500DA552B /* ThoughtConversationViewModel.swift in Sources */,
				A0000001000000000000117 /* ServiceContainer.swift in Sources */,
				A1B77D082F3E3CD600F8D6B4 /* VoiceCaptureViewModel.swift in Sources */,
				A0000001000000000000119 /* PermissionCoordinator.swift in Sources */,
				A0000001000000000000131 /* LocationService.swift in Sources */,
				A0000001000000000000133 /* HealthKitService.swift in Sources */,
				A1B77D062F3E3CBD00F8D6B4 /* VoiceCaptureScreen.swift in Sources */,
				A1803D482F25BDFD0071D950 /* DateTimeParsingService.swift in Sources */,
				A1803D492F25BDFD0071D951 /* DateTimeParsingService_FoundationModels.swift in Sources */,
				A0000001000000000000135 /* MotionService.swift in Sources */,
				A0000001000000000000137 /* EventKitService.swift in Sources */,
				A0000001000000000000139 /* ContactsService.swift in Sources */,
				A1803DF02F2FF8750071D950 /* SmartInsightsService.swift in Sources */,
				A1803DF12F2FF8750071D950 /* SemanticSearchService.swift in Sources */,
				A0000001000000000000143 /* NetworkMonitor.swift in Sources */,
				A0000001000000000000151 /* NLPService.swift in Sources */,
				A0000001000000000000153 /* ClassificationService.swift in Sources */,
				A1A6326A2F33A8B900DA552B /* ConversationScreen.swift in Sources */,
				A1A6326B2F33A8B900DA552B /* AppleIntelligenceRequiredView.swift in Sources */,
				ABAF86190408267B09159634 /* InsightsAnalyzer.swift in Sources */,
				A1803D4B2F25BDFD0071D953 /* ClassificationService_FoundationModels.swift in Sources */,
				A0000001000000000000161 /* ThoughtService.swift in Sources */,
				A0000001000000000000163 /* TaskService.swift in Sources */,
				A0000001000000000000171 /* ContextService.swift in Sources */,
				A0000001000000000000173 /* SyncService.swift in Sources */,
				A0000001000000000000175 /* FineTuningService.swift in Sources */,
				A0000001000000000000201 /* BrowseScreen.swift in Sources */,
				A0000001000000000000203 /* CaptureScreen.swift in Sources */,
				A0000001000000000000205 /* DetailScreen.swift in Sources */,
				A0000001000000000000207 /* SearchScreen.swift in Sources */,
				A1A632782F33BFE700DA552B /* PersonalizationScreen.swift in Sources */,
				A1A632792F33BFE700DA552B /* ThoughtConversationScreen.swift in Sources */,
				A0000001000000000000209 /* SettingsScreen.swift in Sources */,
				A00000010000000000000254 /* InsightsScreen.swift in Sources */,
				A1803E282F327EC60071D950 /* AIInsightsView.swift in Sources */,
				A1B77D0B2F3E3CEA00F8D6B4 /* MedicationService.swift in Sources */,
				A1B77D0C2F3E3CEA00F8D6B4 /* SpeechRecognitionService.swift in Sources */,
				A0000001000000000000221 /* ThoughtRowView.swift in Sources */,
				A0000001000000000000223 /* ClassificationBadge.swift in Sources */,
				A0000001000000000000225 /* ContextDisplayView.swift in Sources */,
				A0000001000000000000227 /* TagInputView.swift in Sources */,
				A0000001000000000000229 /* FlowLayout.swift in Sources */,
				A0000001000000000000231 /* ErrorView.swift in Sources */,
				A1B632832F3510000071D950 /* ThoughtContentView.swift in Sources */,
				A1B632842F3510000071D951 /* FormattingToolbar.swift in Sources */,
				A1B632852F3510000071D952 /* LiquidGlassModifiers.swift in Sources */,
				A0000001000000000000241 /* BrowseViewModel.swift in Sources */,
				A0000001000000000000243 /* CaptureViewModel.swift in Sources */,
				A0000001000000000000245 /* DetailViewModel.swift in Sources */,
				A0000001000000000000247 /* SearchViewModel.swift in Sources */,
				A0000001000000000000249 /* SettingsViewModel.swift in Sources */,
				A00000010000000000000256 /* InsightsViewModel.swift in Sources */,
				A0000001000000000000251 /* AppError.swift in Sources */,
				A0000001000000000000038 /* Subscription.swift in Sources */,
				A0000001000000000000039 /* Conversation.swift in Sources */,
				A0000001000000000000123 /* SubscriptionManager.swift in Sources */,
				A0000001000000000000212 /* PaywallScreen.swift in Sources */,
			);
			runOnlyForDeploymentPostprocessing = 0;
		};
/* End PBXSourcesBuildPhase section */

/* Begin XCBuildConfiguration section */
		A0300000000000000000002 /* Debug */ = {
			isa = XCBuildConfiguration;
			buildSettings = {
				ALWAYS_SEARCH_USER_PATHS = NO;
				ASSETCATALOG_COMPILER_GENERATE_SWIFT_ASSET_SYMBOL_EXTENSIONS = YES;
				CLANG_ANALYZER_NONNULL = YES;
				CLANG_ANALYZER_NUMBER_OBJECT_CONVERSION = YES_AGGRESSIVE;
				CLANG_CXX_LANGUAGE_STANDARD = "gnu++20";
				CLANG_ENABLE_MODULES = YES;
				CLANG_ENABLE_OBJC_ARC = YES;
				CLANG_ENABLE_OBJC_WEAK = YES;
				CLANG_WARN_BLOCK_CAPTURE_AUTORELEASING = YES;
				CLANG_WARN_BOOL_CONVERSION = YES;
				CLANG_WARN_COMMA = YES;
				CLANG_WARN_CONSTANT_CONVERSION = YES;
				CLANG_WARN_DEPRECATED_OBJC_IMPLEMENTATIONS = YES;
				CLANG_WARN_DIRECT_OBJC_ISA_USAGE = YES_ERROR;
				CLANG_WARN_DOCUMENTATION_COMMENTS = YES;
				CLANG_WARN_EMPTY_BODY = YES;
				CLANG_WARN_ENUM_CONVERSION = YES;
				CLANG_WARN_INFINITE_RECURSION = YES;
				CLANG_WARN_INT_CONVERSION = YES;
				CLANG_WARN_NON_LITERAL_NULL_CONVERSION = YES;
				CLANG_WARN_OBJC_IMPLICIT_RETAIN_SELF = YES;
				CLANG_WARN_OBJC_LITERAL_CONVERSION = YES;
				CLANG_WARN_OBJC_ROOT_CLASS = YES_ERROR;
				CLANG_WARN_QUOTED_INCLUDE_IN_FRAMEWORK_HEADER = YES;
				CLANG_WARN_RANGE_LOOP_ANALYSIS = YES;
				CLANG_WARN_STRICT_PROTOTYPES = YES;
				CLANG_WARN_SUSPICIOUS_MOVE = YES;
				CLANG_WARN_UNGUARDED_AVAILABILITY = YES_AGGRESSIVE;
				CLANG_WARN_UNREACHABLE_CODE = YES;
				CLANG_WARN__DUPLICATE_METHOD_MATCH = YES;
				COPY_PHASE_STRIP = NO;
				DEBUG_INFORMATION_FORMAT = dwarf;
				DEVELOPMENT_TEAM = 2773DJ42YU;
				ENABLE_STRICT_OBJC_MSGSEND = YES;
				ENABLE_TESTABILITY = YES;
				ENABLE_USER_SCRIPT_SANDBOXING = YES;
				GCC_C_LANGUAGE_STANDARD = gnu17;
				GCC_DYNAMIC_NO_PIC = NO;
				GCC_NO_COMMON_BLOCKS = YES;
				GCC_OPTIMIZATION_LEVEL = 0;
				GCC_PREPROCESSOR_DEFINITIONS = (
					"DEBUG=1",
					"$(inherited)",
				);
				GCC_WARN_64_TO_32_BIT_CONVERSION = YES;
				GCC_WARN_ABOUT_RETURN_TYPE = YES_ERROR;
				GCC_WARN_UNDECLARED_SELECTOR = YES;
				GCC_WARN_UNINITIALIZED_AUTOS = YES_AGGRESSIVE;
				GCC_WARN_UNUSED_FUNCTION = YES;
				GCC_WARN_UNUSED_VARIABLE = YES;
				IPHONEOS_DEPLOYMENT_TARGET = 26.0;
				LOCALIZATION_PREFERS_STRING_CATALOGS = YES;
				MTL_ENABLE_DEBUG_INFO = INCLUDE_SOURCE;
				MTL_FAST_MATH = YES;
				ONLY_ACTIVE_ARCH = YES;
				SDKROOT = iphoneos;
				STRING_CATALOG_GENERATE_SYMBOLS = YES;
				SUPPORTED_PLATFORMS = "iphonesimulator iphoneos";
				SWIFT_ACTIVE_COMPILATION_CONDITIONS = "DEBUG $(inherited)";
				SWIFT_OPTIMIZATION_LEVEL = "-Onone";
				SWIFT_VERSION = 6.0;
			};
			name = Debug;
		};
		A0300000000000000000003 /* Release */ = {
			isa = XCBuildConfiguration;
			buildSettings = {
				ALWAYS_SEARCH_USER_PATHS = NO;
				ASSETCATALOG_COMPILER_GENERATE_SWIFT_ASSET_SYMBOL_EXTENSIONS = YES;
				CLANG_ANALYZER_NONNULL = YES;
				CLANG_ANALYZER_NUMBER_OBJECT_CONVERSION = YES_AGGRESSIVE;
				CLANG_CXX_LANGUAGE_STANDARD = "gnu++20";
				CLANG_ENABLE_MODULES = YES;
				CLANG_ENABLE_OBJC_ARC = YES;
				CLANG_ENABLE_OBJC_WEAK = YES;
				CLANG_WARN_BLOCK_CAPTURE_AUTORELEASING = YES;
				CLANG_WARN_BOOL_CONVERSION = YES;
				CLANG_WARN_COMMA = YES;
				CLANG_WARN_CONSTANT_CONVERSION = YES;
				CLANG_WARN_DEPRECATED_OBJC_IMPLEMENTATIONS = YES;
				CLANG_WARN_DIRECT_OBJC_ISA_USAGE = YES_ERROR;
				CLANG_WARN_DOCUMENTATION_COMMENTS = YES;
				CLANG_WARN_EMPTY_BODY = YES;
				CLANG_WARN_ENUM_CONVERSION = YES;
				CLANG_WARN_INFINITE_RECURSION = YES;
				CLANG_WARN_INT_CONVERSION = YES;
				CLANG_WARN_NON_LITERAL_NULL_CONVERSION = YES;
				CLANG_WARN_OBJC_IMPLICIT_RETAIN_SELF = YES;
				CLANG_WARN_OBJC_LITERAL_CONVERSION = YES;
				CLANG_WARN_OBJC_ROOT_CLASS = YES_ERROR;
				CLANG_WARN_QUOTED_INCLUDE_IN_FRAMEWORK_HEADER = YES;
				CLANG_WARN_RANGE_LOOP_ANALYSIS = YES;
				CLANG_WARN_STRICT_PROTOTYPES = YES;
				CLANG_WARN_SUSPICIOUS_MOVE = YES;
				CLANG_WARN_UNGUARDED_AVAILABILITY = YES_AGGRESSIVE;
				CLANG_WARN_UNREACHABLE_CODE = YES;
				CLANG_WARN__DUPLICATE_METHOD_MATCH = YES;
				COPY_PHASE_STRIP = NO;
				DEBUG_INFORMATION_FORMAT = "dwarf-with-dsym";
				DEVELOPMENT_TEAM = 2773DJ42YU;
				ENABLE_NS_ASSERTIONS = NO;
				ENABLE_STRICT_OBJC_MSGSEND = YES;
				ENABLE_USER_SCRIPT_SANDBOXING = YES;
				GCC_C_LANGUAGE_STANDARD = gnu17;
				GCC_NO_COMMON_BLOCKS = YES;
				GCC_WARN_64_TO_32_BIT_CONVERSION = YES;
				GCC_WARN_ABOUT_RETURN_TYPE = YES_ERROR;
				GCC_WARN_UNDECLARED_SELECTOR = YES;
				GCC_WARN_UNINITIALIZED_AUTOS = YES_AGGRESSIVE;
				GCC_WARN_UNUSED_FUNCTION = YES;
				GCC_WARN_UNUSED_VARIABLE = YES;
				IPHONEOS_DEPLOYMENT_TARGET = 26.0;
				LOCALIZATION_PREFERS_STRING_CATALOGS = YES;
				MTL_ENABLE_DEBUG_INFO = NO;
				MTL_FAST_MATH = YES;
				SDKROOT = iphoneos;
				STRING_CATALOG_GENERATE_SYMBOLS = YES;
				SUPPORTED_PLATFORMS = "iphonesimulator iphoneos";
				SWIFT_COMPILATION_MODE = wholemodule;
				SWIFT_VERSION = 6.0;
				VALIDATE_PRODUCT = YES;
			};
			name = Release;
		};
		A0700000000000000000003 /* Debug */ = {
			isa = XCBuildConfiguration;
			buildSettings = {
				ASSETCATALOG_COMPILER_APPICON_NAME = AppIcon;
				ASSETCATALOG_COMPILER_GLOBAL_ACCENT_COLOR_NAME = AccentColor;
				CODE_SIGN_ENTITLEMENTS = PersonalAI.entitlements;
				CODE_SIGN_IDENTITY = "Apple Development";
				CODE_SIGN_STYLE = Automatic;
				CURRENT_PROJECT_VERSION = 1;
				DEVELOPMENT_TEAM = 3RJ4WFRA6W;
				ENABLE_PREVIEWS = YES;
				GENERATE_INFOPLIST_FILE = YES;
				INFOPLIST_FILE = PersonalAI/Info.plist;
				INFOPLIST_KEY_CFBundleDisplayName = S.T.A.S.H.;
				INFOPLIST_KEY_NSCalendarsUsageDescription = "STASH needs access to calendar events to provide context-aware features.";
				INFOPLIST_KEY_NSContactsUsageDescription = "STASH needs access to contacts to provide context-aware features.";
				INFOPLIST_KEY_NSHealthShareUsageDescription = "STASH needs access to health data to provide health-related insights.";
				INFOPLIST_KEY_NSLocationWhenInUseUsageDescription = "STASH needs access to location to capture contextual information.";
				INFOPLIST_KEY_NSMicrophoneUsageDescription = "STASH needs access to microphone to capture voice input.";
				INFOPLIST_KEY_NSMotionUsageDescription = "STASH needs access to motion data to detect activity.";
				INFOPLIST_KEY_NSRemindersUsageDescription = "STASH needs access to reminders to help manage tasks.";
				INFOPLIST_KEY_NSSpeechRecognitionUsageDescription = "STASH needs access to speech recognition to capture voice input.";
				INFOPLIST_KEY_UIApplicationSceneManifest_Generation = YES;
				INFOPLIST_KEY_UIApplicationSupportsIndirectInputEvents = YES;
				INFOPLIST_KEY_UILaunchScreen_Generation = YES;
				INFOPLIST_KEY_UISupportedInterfaceOrientations = "UIInterfaceOrientationPortrait UIInterfaceOrientationLandscapeLeft UIInterfaceOrientationLandscapeRight";
				INFOPLIST_KEY_UISupportedInterfaceOrientations_iPad = "UIInterfaceOrientationPortrait UIInterfaceOrientationPortraitUpsideDown UIInterfaceOrientationLandscapeLeft UIInterfaceOrientationLandscapeRight";
				IPHONEOS_DEPLOYMENT_TARGET = 26.0;
				LD_RUNPATH_SEARCH_PATHS = (
					"$(inherited)",
					"@executable_path/Frameworks",
				);
				MARKETING_VERSION = 1.0;
				PRODUCT_BUNDLE_IDENTIFIER = com.withershins.stash;
				PRODUCT_NAME = "$(TARGET_NAME)";
				PROVISIONING_PROFILE_SPECIFIER = "";
				SUPPORTED_PLATFORMS = "iphoneos iphonesimulator";
				SUPPORTS_MACCATALYST = NO;
				SUPPORTS_MAC_DESIGNED_FOR_IPHONE_IPAD = NO;
				SUPPORTS_XR_DESIGNED_FOR_IPHONE_IPAD = NO;
				SWIFT_EMIT_LOC_STRINGS = YES;
				SWIFT_STRICT_CONCURRENCY = complete;
				SWIFT_VERSION = 6.0;
				TARGETED_DEVICE_FAMILY = "1,2";
			};
			name = Debug;
		};
		A0700000000000000000004 /* Release */ = {
			isa = XCBuildConfiguration;
			buildSettings = {
				ASSETCATALOG_COMPILER_APPICON_NAME = AppIcon;
				ASSETCATALOG_COMPILER_GLOBAL_ACCENT_COLOR_NAME = AccentColor;
				CODE_SIGN_ENTITLEMENTS = PersonalAI.entitlements;
				CODE_SIGN_IDENTITY = "Apple Development";
				CODE_SIGN_STYLE = Automatic;
				CURRENT_PROJECT_VERSION = 1;
				DEVELOPMENT_TEAM = 3RJ4WFRA6W;
				ENABLE_PREVIEWS = YES;
				GENERATE_INFOPLIST_FILE = YES;
				INFOPLIST_FILE = PersonalAI/Info.plist;
				INFOPLIST_KEY_CFBundleDisplayName = S.T.A.S.H.;
				INFOPLIST_KEY_NSCalendarsUsageDescription = "STASH needs access to calendar events to provide context-aware features.";
				INFOPLIST_KEY_NSContactsUsageDescription = "STASH needs access to contacts to provide context-aware features.";
				INFOPLIST_KEY_NSHealthShareUsageDescription = "STASH needs access to health data to provide health-related insights.";
				INFOPLIST_KEY_NSLocationWhenInUseUsageDescription = "STASH needs access to location to capture contextual information.";
				INFOPLIST_KEY_NSMicrophoneUsageDescription = "STASH needs access to microphone to capture voice input.";
				INFOPLIST_KEY_NSMotionUsageDescription = "STASH needs access to motion data to detect activity.";
				INFOPLIST_KEY_NSRemindersUsageDescription = "STASH needs access to reminders to help manage tasks.";
				INFOPLIST_KEY_NSSpeechRecognitionUsageDescription = "STASH needs access to speech recognition to capture voice input.";
				INFOPLIST_KEY_UIApplicationSceneManifest_Generation = YES;
				INFOPLIST_KEY_UIApplicationSupportsIndirectInputEvents = YES;
				INFOPLIST_KEY_UILaunchScreen_Generation = YES;
				INFOPLIST_KEY_UISupportedInterfaceOrientations = "UIInterfaceOrientationPortrait UIInterfaceOrientationLandscapeLeft UIInterfaceOrientationLandscapeRight";
				INFOPLIST_KEY_UISupportedInterfaceOrientations_iPad = "UIInterfaceOrientationPortrait UIInterfaceOrientationPortraitUpsideDown UIInterfaceOrientationLandscapeLeft UIInterfaceOrientationLandscapeRight";
				IPHONEOS_DEPLOYMENT_TARGET = 26.0;
				LD_RUNPATH_SEARCH_PATHS = (
					"$(inherited)",
					"@executable_path/Frameworks",
				);
				MARKETING_VERSION = 1.0;
				PRODUCT_BUNDLE_IDENTIFIER = com.withershins.stash;
				PRODUCT_NAME = "$(TARGET_NAME)";
				PROVISIONING_PROFILE_SPECIFIER = "";
				SUPPORTED_PLATFORMS = "iphoneos iphonesimulator";
				SUPPORTS_MACCATALYST = NO;
				SUPPORTS_MAC_DESIGNED_FOR_IPHONE_IPAD = NO;
				SUPPORTS_XR_DESIGNED_FOR_IPHONE_IPAD = NO;
				SWIFT_EMIT_LOC_STRINGS = YES;
				SWIFT_STRICT_CONCURRENCY = complete;
				SWIFT_VERSION = 6.0;
				TARGETED_DEVICE_FAMILY = "1,2";
			};
			name = Release;
		};
/* End XCBuildConfiguration section */

/* Begin XCConfigurationList section */
		A0300000000000000000001 /* Build configuration list for PBXProject "PersonalAI" */ = {
			isa = XCConfigurationList;
			buildConfigurations = (
				A0300000000000000000002 /* Debug */,
				A0300000000000000000003 /* Release */,
			);
			defaultConfigurationIsVisible = 0;
			defaultConfigurationName = Release;
		};
		A0700000000000000000002 /* Build configuration list for PBXNativeTarget "STASH" */ = {
			isa = XCConfigurationList;
			buildConfigurations = (
				A0700000000000000000003 /* Debug */,
				A0700000000000000000004 /* Release */,
			);
			defaultConfigurationIsVisible = 0;
			defaultConfigurationName = Release;
		};
/* End XCConfigurationList section */

/* Begin XCVersionGroup section */
		A0000001000000000000006 /* STASH.xcdatamodeld */ = {
			isa = XCVersionGroup;
			children = (
				A0000001000000000000007 /* PersonalAI.xcdatamodel */,
			);
			currentVersion = A0000001000000000000007 /* PersonalAI.xcdatamodel */;
			path = STASH.xcdatamodeld;
			sourceTree = "<group>";
			versionGroupType = wrapper.xcdatamodel;
		};
/* End XCVersionGroup section */
	};
	rootObject = A0800000000000000000000 /* Project object */;
}
